<?xml version="1.0" encoding="utf-8"?>
<Project ToolsVersion="4.0" xmlns="http://schemas.microsoft.com/developer/msbuild/2003">
  <ItemGroup>
    <None Include="ReadMe.txt" />
  </ItemGroup>
  <ItemGroup>
    <Filter Include="Headers">
      <UniqueIdentifier>{fd699ffd-6c72-4ac7-abdf-8aa167414907}</UniqueIdentifier>
    </Filter>
    <Filter Include="SourceFiles">
      <UniqueIdentifier>{4e5b6d80-ca2b-4f38-82c7-97a7611bde87}</UniqueIdentifier>
    </Filter>
  </ItemGroup>
  <ItemGroup>
    <ClCompile Include="Test.cpp">
      <Filter>SourceFiles</Filter>
    </ClCompile>
    <ClCompile Include="MapLoader.cpp">
      <Filter>SourceFiles</Filter>
    </ClCompile>
    <ClCompile Include="Tank.cpp">
      <Filter>SourceFiles</Filter>
    </ClCompile>
    <ClCompile Include="Sound.cpp">
      <Filter>SourceFiles</Filter>
    </ClCompile>
    <ClCompile Include="FrontEnd.cpp">
      <Filter>SourceFiles</Filter>
    </ClCompile>
    <ClCompile Include="GameInstance.cpp">
      <Filter>SourceFiles</Filter>
    </ClCompile>
    <ClCompile Include="Player.cpp">
      <Filter>SourceFiles</Filter>
    </ClCompile>
  </ItemGroup>
  <ItemGroup>
    <ClInclude Include="MapLoader.h">
      <Filter>Headers</Filter>
    </ClInclude>
    <ClInclude Include="Tank.h">
      <Filter>Headers</Filter>
    </ClInclude>
    <ClInclude Include="Sound.h">
      <Filter>Headers</Filter>
    </ClInclude>
    <ClInclude Include="FrontEnd.h">
      <Filter>Headers</Filter>
    </ClInclude>
    <ClInclude Include="TypeDefs.h">
      <Filter>Headers</Filter>
    </ClInclude>
    <ClInclude Include="GameInstance.h">
      <Filter>Headers</Filter>
    </ClInclude>
    <ClInclude Include="Player.h">
      <Filter>Headers</Filter>
    </ClInclude>
  </ItemGroup>
</Project>